
Microsoft Visual Studio Solution File, Format Version 12.00
# Visual Studio Version 17
VisualStudioVersion = 17.9.34723.18
MinimumVisualStudioVersion = 10.0.40219.1
Project("{FAE04EC0-301F-11D3-BF4B-00C04F79EFBC}") = "Gaussian", "Gaussian\Gaussian.csproj", "{0B8957B7-3795-4598-BA89-4C9BC0BF2A41}"
EndProject
Project("{8BC9CEB8-8B4A-11D0-8D11-00A0C91BC942}") = "GaussianHLL", "GaussianHLL\GaussianHLL.vcxproj", "{00EF2345-10EE-46F5-8084-976410542A00}"
EndProject
Global
	GlobalSection(SolutionConfigurationPlatforms) = preSolution
		Debug|Any CPU = Debug|Any CPU
		Debug|x64 = Debug|x64
		Debug|x86 = Debug|x86
		Release|Any CPU = Release|Any CPU
		Release|x64 = Release|x64
		Release|x86 = Release|x86
	EndGlobalSection
	GlobalSection(ProjectConfigurationPlatforms) = postSolution
		{0B8957B7-3795-4598-BA89-4C9BC0BF2A41}.Debug|Any CPU.ActiveCfg = Debug|Any CPU
		{0B8957B7-3795-4598-BA89-4C9BC0BF2A41}.Debug|Any CPU.Build.0 = Debug|Any CPU
		{0B8957B7-3795-4598-BA89-4C9BC0BF2A41}.Debug|x64.ActiveCfg = Debug|Any CPU
		{0B8957B7-3795-4598-BA89-4C9BC0BF2A41}.Debug|x64.Build.0 = Debug|Any CPU
		{0B8957B7-3795-4598-BA89-4C9BC0BF2A41}.Debug|x86.ActiveCfg = Debug|Any CPU
		{0B8957B7-3795-4598-BA89-4C9BC0BF2A41}.Debug|x86.Build.0 = Debug|Any CPU
		{0B8957B7-3795-4598-BA89-4C9BC0BF2A41}.Release|Any CPU.ActiveCfg = Release|Any CPU
		{0B8957B7-3795-4598-BA89-4C9BC0BF2A41}.Release|Any CPU.Build.0 = Release|Any CPU
		{0B8957B7-3795-4598-BA89-4C9BC0BF2A41}.Release|x64.ActiveCfg = Release|Any CPU
		{0B8957B7-3795-4598-BA89-4C9BC0BF2A41}.Release|x64.Build.0 = Release|Any CPU
		{0B8957B7-3795-4598-BA89-4C9BC0BF2A41}.Release|x86.ActiveCfg = Release|Any CPU
		{0B8957B7-3795-4598-BA89-4C9BC0BF2A41}.Release|x86.Build.0 = Release|Any CPU
		{00EF2345-10EE-46F5-8084-976410542A00}.Debug|Any CPU.ActiveCfg = Debug|x64
		{00EF2345-10EE-46F5-8084-976410542A00}.Debug|Any CPU.Build.0 = Debug|x64
		{00EF2345-10EE-46F5-8084-976410542A00}.Debug|x64.ActiveCfg = Debug|x64
		{00EF2345-10EE-46F5-8084-976410542A00}.Debug|x64.Build.0 = Debug|x64
		{00EF2345-10EE-46F5-8084-976410542A00}.Debug|x86.ActiveCfg = Debug|Win32
		{00EF2345-10EE-46F5-8084-976410542A00}.Debug|x86.Build.0 = Debug|Win32
		{00EF2345-10EE-46F5-8084-976410542A00}.Release|Any CPU.ActiveCfg = Release|x64
		{00EF2345-10EE-46F5-8084-976410542A00}.Release|Any CPU.Build.0 = Release|x64
		{00EF2345-10EE-46F5-8084-976410542A00}.Release|x64.ActiveCfg = Release|x64
		{00EF2345-10EE-46F5-8084-976410542A00}.Release|x64.Build.0 = Release|x64
		{00EF2345-10EE-46F5-8084-976410542A00}.Release|x86.ActiveCfg = Release|Win32
		{00EF2345-10EE-46F5-8084-976410542A00}.Release|x86.Build.0 = Release|Win32
	EndGlobalSection
	GlobalSection(SolutionProperties) = preSolution
		HideSolutionNode = FALSE
	EndGlobalSection
	GlobalSection(ExtensibilityGlobals) = postSolution
		SolutionGuid = {424BBFC1-D543-4898-B069-75494AACDE4D}
	EndGlobalSection
EndGlobal
